
Microsoft Visual Studio Solution File, Format Version 12.00
# Visual Studio Version 17
VisualStudioVersion = 17.14.36127.28 d17.14
MinimumVisualStudioVersion = 10.0.40219.1
Project("{FAE04EC0-301F-11D3-BF4B-00C04F79EFBC}") = "Min_Cost_Climbing_Stairs", "Min_Cost_Climbing_Stairs\Min_Cost_Climbing_Stairs.csproj", "{67A7B183-4F46-479D-95F0-DA4359A0A85F}"
EndProject
Global
	GlobalSection(SolutionConfigurationPlatforms) = preSolution
		Debug|Any CPU = Debug|Any CPU
		Release|Any CPU = Release|Any CPU
	EndGlobalSection
	GlobalSection(ProjectConfigurationPlatforms) = postSolution
		{67A7B183-4F46-479D-95F0-DA4359A0A85F}.Debug|Any CPU.ActiveCfg = Debug|Any CPU
		{67A7B183-4F46-479D-95F0-DA4359A0A85F}.Debug|Any CPU.Build.0 = Debug|Any CPU
		{67A7B183-4F46-479D-95F0-DA4359A0A85F}.Release|Any CPU.ActiveCfg = Release|Any CPU
		{67A7B183-4F46-479D-95F0-DA4359A0A85F}.Release|Any CPU.Build.0 = Release|Any CPU
	EndGlobalSection
	GlobalSection(SolutionProperties) = preSolution
		HideSolutionNode = FALSE
	EndGlobalSection
	GlobalSection(ExtensibilityGlobals) = postSolution
		SolutionGuid = {0A9028E7-7394-4789-96C6-E934FB7DBC59}
	EndGlobalSection
EndGlobal
